
Microsoft Visual Studio Solution File, Format Version 11.00
# Visual Studio 2010
Project("{FAE04EC0-301F-11D3-BF4B-00C04F79EFBC}") = "DesignPatterns.Strategy", "DesignPatterns.Strategy\DesignPatterns.Strategy.csproj", "{6516974C-A3EB-44CF-AAFF-821B8E57048D}"
EndProject
Project("{FAE04EC0-301F-11D3-BF4B-00C04F79EFBC}") = "DesignPatterns.Tests", "DesignPatterns.Tests\DesignPatterns.Tests.csproj", "{AA51B531-3155-4E7E-83EF-06E2D58EDB43}"
EndProject
Global
	GlobalSection(SolutionConfigurationPlatforms) = preSolution
		Debug|Any CPU = Debug|Any CPU
		Debug|Mixed Platforms = Debug|Mixed Platforms
		Debug|x86 = Debug|x86
		Release|Any CPU = Release|Any CPU
		Release|Mixed Platforms = Release|Mixed Platforms
		Release|x86 = Release|x86
	EndGlobalSection
	GlobalSection(ProjectConfigurationPlatforms) = postSolution
		{6516974C-A3EB-44CF-AAFF-821B8E57048D}.Debug|Any CPU.ActiveCfg = Debug|Any CPU
		{6516974C-A3EB-44CF-AAFF-821B8E57048D}.Debug|Any CPU.Build.0 = Debug|Any CPU
		{6516974C-A3EB-44CF-AAFF-821B8E57048D}.Debug|Mixed Platforms.ActiveCfg = Debug|Any CPU
		{6516974C-A3EB-44CF-AAFF-821B8E57048D}.Debug|Mixed Platforms.Build.0 = Debug|Any CPU
		{6516974C-A3EB-44CF-AAFF-821B8E57048D}.Debug|x86.ActiveCfg = Debug|Any CPU
		{6516974C-A3EB-44CF-AAFF-821B8E57048D}.Release|Any CPU.ActiveCfg = Release|Any CPU
		{6516974C-A3EB-44CF-AAFF-821B8E57048D}.Release|Any CPU.Build.0 = Release|Any CPU
		{6516974C-A3EB-44CF-AAFF-821B8E57048D}.Release|Mixed Platforms.ActiveCfg = Release|Any CPU
		{6516974C-A3EB-44CF-AAFF-821B8E57048D}.Release|Mixed Platforms.Build.0 = Release|Any CPU
		{6516974C-A3EB-44CF-AAFF-821B8E57048D}.Release|x86.ActiveCfg = Release|Any CPU
		{AA51B531-3155-4E7E-83EF-06E2D58EDB43}.Debug|Any CPU.ActiveCfg = Debug|Any CPU
		{AA51B531-3155-4E7E-83EF-06E2D58EDB43}.Debug|Any CPU.Build.0 = Debug|Any CPU
		{AA51B531-3155-4E7E-83EF-06E2D58EDB43}.Debug|Mixed Platforms.ActiveCfg = Debug|Any CPU
		{AA51B531-3155-4E7E-83EF-06E2D58EDB43}.Debug|Mixed Platforms.Build.0 = Debug|Any CPU
		{AA51B531-3155-4E7E-83EF-06E2D58EDB43}.Debug|x86.ActiveCfg = Debug|Any CPU
		{AA51B531-3155-4E7E-83EF-06E2D58EDB43}.Release|Any CPU.ActiveCfg = Release|Any CPU
		{AA51B531-3155-4E7E-83EF-06E2D58EDB43}.Release|Any CPU.Build.0 = Release|Any CPU
		{AA51B531-3155-4E7E-83EF-06E2D58EDB43}.Release|Mixed Platforms.ActiveCfg = Release|Any CPU
		{AA51B531-3155-4E7E-83EF-06E2D58EDB43}.Release|Mixed Platforms.Build.0 = Release|Any CPU
		{AA51B531-3155-4E7E-83EF-06E2D58EDB43}.Release|x86.ActiveCfg = Release|Any CPU
	EndGlobalSection
	GlobalSection(SolutionProperties) = preSolution
		HideSolutionNode = FALSE
	EndGlobalSection
EndGlobal
